
Microsoft Visual Studio Solution File, Format Version 12.00
# Visual Studio Version 17
VisualStudioVersion = 17.0.32112.339
MinimumVisualStudioVersion = 10.0.40219.1
Project("{FAE04EC0-301F-11D3-BF4B-00C04F79EFBC}") = "Pokesearch", "Pokesearch.csproj", "{B7A17EC3-A121-4599-B7C0-7FF45B732D9C}"
EndProject
Global
	GlobalSection(SolutionConfigurationPlatforms) = preSolution
		Debug|Any CPU = Debug|Any CPU
		Release|Any CPU = Release|Any CPU
	EndGlobalSection
	GlobalSection(ProjectConfigurationPlatforms) = postSolution
		{B7A17EC3-A121-4599-B7C0-7FF45B732D9C}.Debug|Any CPU.ActiveCfg = Debug|Any CPU
		{B7A17EC3-A121-4599-B7C0-7FF45B732D9C}.Debug|Any CPU.Build.0 = Debug|Any CPU
		{B7A17EC3-A121-4599-B7C0-7FF45B732D9C}.Release|Any CPU.ActiveCfg = Release|Any CPU
		{B7A17EC3-A121-4599-B7C0-7FF45B732D9C}.Release|Any CPU.Build.0 = Release|Any CPU
	EndGlobalSection
	GlobalSection(SolutionProperties) = preSolution
		HideSolutionNode = FALSE
	EndGlobalSection
	GlobalSection(ExtensibilityGlobals) = postSolution
		SolutionGuid = {67F74E6F-1991-4BAC-ABCB-35430737B795}
	EndGlobalSection
EndGlobal
